# THIS IS AN AUTOGENERATED FILE. DO NOT EDIT THIS FILE DIRECTLY.
# yarn lockfile v1


"@cmdcode/buff@2.2.5", "@cmdcode/buff@^2.2.5":
  version "2.2.5"
  resolved "https://registry.yarnpkg.com/@cmdcode/buff/-/buff-2.2.5.tgz#9eea735b5689e4593234e9559fdb35ed881ddcda"
  integrity sha512-+nc3QDoJ+MU/fp+YkX6WuEjJrXLF6ME+eVX1sj5a+MfBKO9LWb4R9Y2zH6APBrySd7nFr48ozscAui7SKvLmXg==
  dependencies:
    "@noble/hashes" "^1.3.3"
    "@scure/base" "^1.1.5"

"@cmdcode/crypto-tools@2.7.6", "@cmdcode/crypto-tools@^2.7.6":
  version "2.7.6"
  resolved "https://registry.yarnpkg.com/@cmdcode/crypto-tools/-/crypto-tools-2.7.6.tgz#a028526b5cb1692e5624cff03d537a1f37502fe3"
  integrity sha512-4Ivetp6khIrJ3fxlY0PlvhxAZ811BBgQnb64TDpNLXo5pDqYiXw7Chgg55t81WKyiv/n0ex+uuvk6zNoTYW2BA==
  dependencies:
    "@cmdcode/buff" "^2.2.5"
    "@noble/ciphers" "^0.4.1"
    "@noble/curves" "^1.3.0"
    "@noble/hashes" "^1.3.3"

"@cmdcode/musig2@2.4.3", "@cmdcode/musig2@^2.4.3":
  version "2.4.3"
  resolved "https://registry.yarnpkg.com/@cmdcode/musig2/-/musig2-2.4.3.tgz#eedf00daeb8f73000761e122752e827713d74f31"
  integrity sha512-XOMARob3RiNCTMRdkNihNYYBkx3TuwthuSsJLy2D+MseRXJCFsAxq5oFz/3xG05YEcDYXzKPR+B4wMdiRe3I/w==
  dependencies:
    "@cmdcode/buff" "^2.2.5"
    "@cmdcode/crypto-tools" "^2.7.6"

"@cmdcode/signer@1.4.7", "@cmdcode/signer@^1.4.7":
  version "1.4.7"
  resolved "https://registry.yarnpkg.com/@cmdcode/signer/-/signer-1.4.7.tgz#528cc74bb89046ae6300024494d00b22b7539576"
  integrity sha512-psI8ijo0EPjDBlWrWYp8rPZ+GYR3zHgZDR/5q1U1k74KpN3jnjSlBgl/sSDSHunvJUQ8Iev4zAmGaigqH+6MjA==
  dependencies:
    "@cmdcode/buff" "^2.2.5"
    "@cmdcode/crypto-tools" "^2.7.6"
    "@cmdcode/musig2" "^2.4.3"
    "@noble/ciphers" "^0.4.1"
    "@scrow/tapscript" "^2.2.2"
    "@scure/bip32" "^1.3.2"
    "@scure/bip39" "^1.2.1"

"@cmdcode/use-store@^1.1.2":
  version "1.1.2"
  resolved "https://registry.yarnpkg.com/@cmdcode/use-store/-/use-store-1.1.2.tgz#22e4fdd6a90e6b7f1437c9008b7fe9fa313e7a94"
  integrity sha512-lkUH7eoJ2W07QvMXPAZjPLjtuwHX7T6m0Kn6wb1ruWOuR4qPO6oTpBc8uOzboZJmZ+dDzDZPyaGIP2yujnu1ww==

"@noble/ciphers@^0.4.1":
  version "0.4.1"
  resolved "https://registry.yarnpkg.com/@noble/ciphers/-/ciphers-0.4.1.tgz#977fc35f563a4ca315ebbc4cbb1f9b670bd54456"
  integrity sha512-QCOA9cgf3Rc33owG0AYBB9wszz+Ul2kramWN8tXG44Gyciud/tbkEqvxRF/IpqQaBpRBNi9f4jdNxqB2CQCIXg==

"@noble/curves@^1.3.0", "@noble/curves@~1.4.0":
  version "1.4.0"
  resolved "https://registry.yarnpkg.com/@noble/curves/-/curves-1.4.0.tgz#f05771ef64da724997f69ee1261b2417a49522d6"
  integrity sha512-p+4cb332SFCrReJkCYe8Xzm0OWi4Jji5jVdIZRL/PmacmDkFNw6MrrV+gGpiPxLHbV+zKFRywUWbaseT+tZRXg==
  dependencies:
    "@noble/hashes" "1.4.0"

"@noble/hashes@1.4.0", "@noble/hashes@^1.3.3", "@noble/hashes@~1.4.0":
  version "1.4.0"
  resolved "https://registry.yarnpkg.com/@noble/hashes/-/hashes-1.4.0.tgz#45814aa329f30e4fe0ba49426f49dfccdd066426"
  integrity sha512-V1JJ1WTRUqHHrOSh597hURcMqVKVGL/ea3kv0gSnEdsEZ0/+VyPghM1lMNGc00z7CIQorSvbKpuJkxvuHbvdbg==

"@scrow/sdk@^0.12.27-dev":
  version "0.12.27-dev"
  resolved "https://registry.yarnpkg.com/@scrow/sdk/-/sdk-0.12.27-dev.tgz#ba01572a97a00804b202ce140ae7eea9eb8b8b01"
  integrity sha512-5EUiN4zUDoxBgV3NCuq1SKmZMDDswYogj/f1JiaTntY+FdQGOpW8lfxCRkluu+JoMn9aius8V3ol4MAF8fUNpQ==
  dependencies:
    "@cmdcode/buff" "2.2.5"
    "@cmdcode/crypto-tools" "2.7.6"
    "@cmdcode/musig2" "2.4.3"
    "@cmdcode/signer" "1.4.7"
    "@scrow/tapscript" "2.2.2"
    zod "^3.22.4"

"@scrow/tapscript@2.2.2", "@scrow/tapscript@^2.2.2":
  version "2.2.2"
  resolved "https://registry.yarnpkg.com/@scrow/tapscript/-/tapscript-2.2.2.tgz#0958a9ad5009154cebea6b5b5872c2e0d269e898"
  integrity sha512-POtV7oAZL+vPUAe4nlM2xVpRtttbcHSRdu4eJ8Emh77fk+wzPkrOXlBKRicHgyLafMLkJ3tVXNoGzCRQ6LTzsg==
  dependencies:
    "@cmdcode/buff" "^2.2.5"
    "@cmdcode/crypto-tools" "^2.7.6"
    zod "^3.22.4"

"@scure/base@^1.1.5", "@scure/base@~1.1.6":
  version "1.1.6"
  resolved "https://registry.yarnpkg.com/@scure/base/-/base-1.1.6.tgz#8ce5d304b436e4c84f896e0550c83e4d88cb917d"
  integrity sha512-ok9AWwhcgYuGG3Zfhyqg+zwl+Wn5uE+dwC0NV/2qQkx4dABbb/bx96vWu8NSj+BNjjSjno+JRYRjle1jV08k3g==

"@scure/bip32@^1.3.2":
  version "1.4.0"
  resolved "https://registry.yarnpkg.com/@scure/bip32/-/bip32-1.4.0.tgz#4e1f1e196abedcef395b33b9674a042524e20d67"
  integrity sha512-sVUpc0Vq3tXCkDGYVWGIZTRfnvu8LoTDaev7vbwh0omSvVORONr960MQWdKqJDCReIEmTj3PAr73O3aoxz7OPg==
  dependencies:
    "@noble/curves" "~1.4.0"
    "@noble/hashes" "~1.4.0"
    "@scure/base" "~1.1.6"

"@scure/bip39@^1.2.1":
  version "1.3.0"
  resolved "https://registry.yarnpkg.com/@scure/bip39/-/bip39-1.3.0.tgz#0f258c16823ddd00739461ac31398b4e7d6a18c3"
  integrity sha512-disdg7gHuTDZtY+ZdkmLpPCk7fxZSu3gBiEGuoC1XYxv9cGx3Z6cpTggCgW6odSOOIXCiDjuGejW+aJKCY/pIQ==
  dependencies:
    "@noble/hashes" "~1.4.0"
    "@scure/base" "~1.1.6"

"@types/node@^20.12.12":
  version "20.12.12"
  resolved "https://registry.yarnpkg.com/@types/node/-/node-20.12.12.tgz#7cbecdf902085cec634fdb362172dfe12b8f2050"
  integrity sha512-eWLDGF/FOSPtAvEqeRAQ4C8LSA7M1I7i0ky1I8U7kD1J5ITyW3AsRhQrKVoWf5pFKZ2kILsEGJhsI9r93PYnOw==
  dependencies:
    undici-types "~5.26.4"

"@types/prop-types@*":
  version "15.7.12"
  resolved "https://registry.yarnpkg.com/@types/prop-types/-/prop-types-15.7.12.tgz#12bb1e2be27293c1406acb6af1c3f3a1481d98c6"
  integrity sha512-5zvhXYtRNRluoE/jAp4GVsSduVUzNWKkOZrCDBWYtE7biZywwdC2AcEzg+cSMLFRfVgeAFqpfNabiPjxFddV1Q==

"@types/react-dom@^18.2.25":
  version "18.3.0"
  resolved "https://registry.yarnpkg.com/@types/react-dom/-/react-dom-18.3.0.tgz#0cbc818755d87066ab6ca74fbedb2547d74a82b0"
  integrity sha512-EhwApuTmMBmXuFOikhQLIBUn6uFg81SwLMOAUgodJF14SOBOCMdU04gDoYi0WOJJHD144TL32z4yDqCW3dnkQg==
  dependencies:
    "@types/react" "*"

"@types/react@*", "@types/react@^18.3.2":
  version "18.3.2"
  resolved "https://registry.yarnpkg.com/@types/react/-/react-18.3.2.tgz#462ae4904973bc212fa910424d901e3d137dbfcd"
  integrity sha512-Btgg89dAnqD4vV7R3hlwOxgqobUQKgx3MmrQRi0yYbs/P0ym8XozIAlkqVilPqHQwXs4e9Tf63rrCgl58BcO4w==
  dependencies:
    "@types/prop-types" "*"
    csstype "^3.0.2"

client-only@^0.0.1:
  version "0.0.1"
  resolved "https://registry.yarnpkg.com/client-only/-/client-only-0.0.1.tgz#38bba5d403c41ab150bff64a95c85013cf73bca1"
  integrity sha512-IV3Ou0jSMzZrd3pZ48nLkT9DA7Ag1pnPzaiQhpW7c3RbcqqzvzzVu+L8gfqMp/8IM2MQtSiqaCxrrcfu8I8rMA==

csstype@^3.0.2:
  version "3.1.3"
  resolved "https://registry.yarnpkg.com/csstype/-/csstype-3.1.3.tgz#d80ff294d114fb0e6ac500fbf85b60137d7eff81"
  integrity sha512-M1uQkMl8rQK/szD0LNhtqxIPLpimGm8sOBwU7lLnCpSbTyY3yeU1Vc7l4KT5zT4s/yOxHH5O7tIuuLOCnLADRw==

"js-tokens@^3.0.0 || ^4.0.0":
  version "4.0.0"
  resolved "https://registry.yarnpkg.com/js-tokens/-/js-tokens-4.0.0.tgz#19203fb59991df98e3a287050d4647cdeaf32499"
  integrity sha512-RdJUflcE3cUzKiMqQgsCu06FPu9UdIJO0beYbPhHN4k6apgJtifcoCtT9bcxOpYBtpD2kCM6Sbzg4CausW/PKQ==

loose-envify@^1.1.0:
  version "1.4.0"
  resolved "https://registry.yarnpkg.com/loose-envify/-/loose-envify-1.4.0.tgz#71ee51fa7be4caec1a63839f7e682d8132d30caf"
  integrity sha512-lyuxPGr/Wfhrlem2CL/UcnUc1zcqKAImBDzukY7Y5F/yQiNdko6+fRLevlw1HgMySw7f611UIY408EtxRSoK3Q==
  dependencies:
    js-tokens "^3.0.0 || ^4.0.0"

react@^18.3.1:
  version "18.3.1"
  resolved "https://registry.yarnpkg.com/react/-/react-18.3.1.tgz#49ab892009c53933625bd16b2533fc754cab2891"
  integrity sha512-wS+hAgJShR0KhEvPJArfuPVN1+Hz1t0Y6n5jLrGQbkb4urgPE/0Rve+1kMB1v/oWgHgm4WIcV+i7F2pTVj+2iQ==
  dependencies:
    loose-envify "^1.1.0"

swr@^2.2.5:
  version "2.2.5"
  resolved "https://registry.yarnpkg.com/swr/-/swr-2.2.5.tgz#063eea0e9939f947227d5ca760cc53696f46446b"
  integrity sha512-QtxqyclFeAsxEUeZIYmsaQ0UjimSq1RZ9Un7I68/0ClKK/U3LoyQunwkQfJZr2fc22DfIXLNDc2wFyTEikCUpg==
  dependencies:
    client-only "^0.0.1"
    use-sync-external-store "^1.2.0"

typescript@^5.4.5:
  version "5.4.5"
  resolved "https://registry.yarnpkg.com/typescript/-/typescript-5.4.5.tgz#42ccef2c571fdbd0f6718b1d1f5e6e5ef006f611"
  integrity sha512-vcI4UpRgg81oIRUFwR0WSIHKt11nJ7SAVlYNIu+QpqeyXP+gpQJy/Z4+F0aGxSE4MqwjyXvW/TzgkLAx2AGHwQ==

undici-types@~5.26.4:
  version "5.26.5"
  resolved "https://registry.yarnpkg.com/undici-types/-/undici-types-5.26.5.tgz#bcd539893d00b56e964fd2657a4866b221a65617"
  integrity sha512-JlCMO+ehdEIKqlFxk6IfVoAUVmgz7cU7zD/h9XZ0qzeosSHmUJVOzSQvvYSYWXkFXC+IfLKSIffhv0sVZup6pA==

use-sync-external-store@^1.2.0:
  version "1.2.2"
  resolved "https://registry.yarnpkg.com/use-sync-external-store/-/use-sync-external-store-1.2.2.tgz#c3b6390f3a30eba13200d2302dcdf1e7b57b2ef9"
  integrity sha512-PElTlVMwpblvbNqQ82d2n6RjStvdSoNe9FG28kNfz3WiXilJm4DdNkEzRhCZuIDwY8U08WVihhGR5iRqAwfDiw==

zod@^3.22.4:
  version "3.23.8"
  resolved "https://registry.yarnpkg.com/zod/-/zod-3.23.8.tgz#e37b957b5d52079769fb8097099b592f0ef4067d"
  integrity sha512-XBx9AXhXktjUqnepgTiE5flcKIYWi/rme0Eaj+5Y0lftuGBq+jyRu/md4WnuxqgP1ubdpNCsYEYPxrzVHD8d6g==
