# THIS IS AN AUTOGENERATED FILE. DO NOT EDIT THIS FILE DIRECTLY.
# yarn lockfile v1


"@cmdcode/buff@2.2.5", "@cmdcode/buff@^2.2.5":
  version "2.2.5"
  resolved "https://registry.yarnpkg.com/@cmdcode/buff/-/buff-2.2.5.tgz#9eea735b5689e4593234e9559fdb35ed881ddcda"
  integrity sha512-+nc3QDoJ+MU/fp+YkX6WuEjJrXLF6ME+eVX1sj5a+MfBKO9LWb4R9Y2zH6APBrySd7nFr48ozscAui7SKvLmXg==
  dependencies:
    "@noble/hashes" "^1.3.3"
    "@scure/base" "^1.1.5"

"@cmdcode/crypto-tools@2.7.6", "@cmdcode/crypto-tools@^2.7.6":
  version "2.7.6"
  resolved "https://registry.yarnpkg.com/@cmdcode/crypto-tools/-/crypto-tools-2.7.6.tgz#a028526b5cb1692e5624cff03d537a1f37502fe3"
  integrity sha512-4Ivetp6khIrJ3fxlY0PlvhxAZ811BBgQnb64TDpNLXo5pDqYiXw7Chgg55t81WKyiv/n0ex+uuvk6zNoTYW2BA==
  dependencies:
    "@cmdcode/buff" "^2.2.5"
    "@noble/ciphers" "^0.4.1"
    "@noble/curves" "^1.3.0"
    "@noble/hashes" "^1.3.3"

"@cmdcode/musig2@2.4.3", "@cmdcode/musig2@^2.4.3":
  version "2.4.3"
  resolved "https://registry.yarnpkg.com/@cmdcode/musig2/-/musig2-2.4.3.tgz#eedf00daeb8f73000761e122752e827713d74f31"
  integrity sha512-XOMARob3RiNCTMRdkNihNYYBkx3TuwthuSsJLy2D+MseRXJCFsAxq5oFz/3xG05YEcDYXzKPR+B4wMdiRe3I/w==
  dependencies:
    "@cmdcode/buff" "^2.2.5"
    "@cmdcode/crypto-tools" "^2.7.6"

"@cmdcode/nostr-sdk@^0.1.6":
  version "0.1.6"
  resolved "https://registry.yarnpkg.com/@cmdcode/nostr-sdk/-/nostr-sdk-0.1.6.tgz#328d09c763a9a26893dbc193c1444f451cb3efb0"
  integrity sha512-6n+giRdT4zLJ1OD8f5B/WIHkdFOB7v4CsG/QDSIqSuZ/cjGblQMXzVihqTbPqZu+5DzUO0ZOfJy7SPpIt9/3SA==
  dependencies:
    "@cmdcode/buff" "2.2.5"
    "@cmdcode/crypto-tools" "2.7.6"
    "@cmdcode/signer" "^1.4.2"
    isomorphic-ws "^5.0.0"
    ws "^8.16.0"
    zod "^3.22.4"

"@cmdcode/signer@1.4.5", "@cmdcode/signer@^1.4.2":
  version "1.4.5"
  resolved "https://registry.yarnpkg.com/@cmdcode/signer/-/signer-1.4.5.tgz#d547ab710db061e6f7c19fbb5401244db0791f73"
  integrity sha512-I1xvFGudnPkaZ5UyCY6NoePzmahCRPLxPhyn3u1EnyOkL9uW4w2LbJ84q9+7x2yBwGuVFY54+FyeJjqzVIzE1g==
  dependencies:
    "@cmdcode/buff" "^2.2.5"
    "@cmdcode/crypto-tools" "^2.7.6"
    "@cmdcode/musig2" "^2.4.3"
    "@noble/ciphers" "^0.4.1"
    "@scrow/tapscript" "^2.2.2"
    "@scure/bip32" "^1.3.2"
    "@scure/bip39" "^1.2.1"

"@cmdcode/use-store@^1.0.7":
  version "1.0.7"
  resolved "https://registry.yarnpkg.com/@cmdcode/use-store/-/use-store-1.0.7.tgz#505e5872e8c5ecd53eec04d51651a4c5e3362a35"
  integrity sha512-bd8om0CukOjzrTwNLNDVdHFG+jK9Jsd7PUHvi1wRGhN+MDIC5NEMmMsaRMZCRROXTOkOMpyenXWmYnBxz7CzKg==

"@noble/ciphers@^0.4.1":
  version "0.4.1"
  resolved "https://registry.yarnpkg.com/@noble/ciphers/-/ciphers-0.4.1.tgz#977fc35f563a4ca315ebbc4cbb1f9b670bd54456"
  integrity sha512-QCOA9cgf3Rc33owG0AYBB9wszz+Ul2kramWN8tXG44Gyciud/tbkEqvxRF/IpqQaBpRBNi9f4jdNxqB2CQCIXg==

"@noble/curves@^1.3.0", "@noble/curves@~1.4.0":
  version "1.4.0"
  resolved "https://registry.yarnpkg.com/@noble/curves/-/curves-1.4.0.tgz#f05771ef64da724997f69ee1261b2417a49522d6"
  integrity sha512-p+4cb332SFCrReJkCYe8Xzm0OWi4Jji5jVdIZRL/PmacmDkFNw6MrrV+gGpiPxLHbV+zKFRywUWbaseT+tZRXg==
  dependencies:
    "@noble/hashes" "1.4.0"

"@noble/hashes@1.4.0", "@noble/hashes@^1.3.3", "@noble/hashes@~1.4.0":
  version "1.4.0"
  resolved "https://registry.yarnpkg.com/@noble/hashes/-/hashes-1.4.0.tgz#45814aa329f30e4fe0ba49426f49dfccdd066426"
  integrity sha512-V1JJ1WTRUqHHrOSh597hURcMqVKVGL/ea3kv0gSnEdsEZ0/+VyPghM1lMNGc00z7CIQorSvbKpuJkxvuHbvdbg==

"@scrow/sdk@^0.8.30":
  version "0.8.30"
  resolved "https://registry.yarnpkg.com/@scrow/sdk/-/sdk-0.8.30.tgz#c6e2a59e9ba03b88af56c54877a4d64d0aae3c57"
  integrity sha512-yX9KxKZ6LMzBIIqMDpmNE/t7eJnmcp3F8Cv067y3Kkv/TNCHkBCBnbu3k6PB3hPRRuuZkMEc7xDJkx5/9wgAlA==
  dependencies:
    "@cmdcode/buff" "2.2.5"
    "@cmdcode/crypto-tools" "2.7.6"
    "@cmdcode/musig2" "2.4.3"
    "@cmdcode/nostr-sdk" "^0.1.6"
    "@cmdcode/signer" "1.4.5"
    "@scrow/tapscript" "2.2.2"
    zod "^3.22.4"

"@scrow/tapscript@2.2.2", "@scrow/tapscript@^2.2.2":
  version "2.2.2"
  resolved "https://registry.yarnpkg.com/@scrow/tapscript/-/tapscript-2.2.2.tgz#0958a9ad5009154cebea6b5b5872c2e0d269e898"
  integrity sha512-POtV7oAZL+vPUAe4nlM2xVpRtttbcHSRdu4eJ8Emh77fk+wzPkrOXlBKRicHgyLafMLkJ3tVXNoGzCRQ6LTzsg==
  dependencies:
    "@cmdcode/buff" "^2.2.5"
    "@cmdcode/crypto-tools" "^2.7.6"
    zod "^3.22.4"

"@scure/base@^1.1.5", "@scure/base@~1.1.6":
  version "1.1.6"
  resolved "https://registry.yarnpkg.com/@scure/base/-/base-1.1.6.tgz#8ce5d304b436e4c84f896e0550c83e4d88cb917d"
  integrity sha512-ok9AWwhcgYuGG3Zfhyqg+zwl+Wn5uE+dwC0NV/2qQkx4dABbb/bx96vWu8NSj+BNjjSjno+JRYRjle1jV08k3g==

"@scure/bip32@^1.3.2":
  version "1.4.0"
  resolved "https://registry.yarnpkg.com/@scure/bip32/-/bip32-1.4.0.tgz#4e1f1e196abedcef395b33b9674a042524e20d67"
  integrity sha512-sVUpc0Vq3tXCkDGYVWGIZTRfnvu8LoTDaev7vbwh0omSvVORONr960MQWdKqJDCReIEmTj3PAr73O3aoxz7OPg==
  dependencies:
    "@noble/curves" "~1.4.0"
    "@noble/hashes" "~1.4.0"
    "@scure/base" "~1.1.6"

"@scure/bip39@^1.2.1":
  version "1.3.0"
  resolved "https://registry.yarnpkg.com/@scure/bip39/-/bip39-1.3.0.tgz#0f258c16823ddd00739461ac31398b4e7d6a18c3"
  integrity sha512-disdg7gHuTDZtY+ZdkmLpPCk7fxZSu3gBiEGuoC1XYxv9cGx3Z6cpTggCgW6odSOOIXCiDjuGejW+aJKCY/pIQ==
  dependencies:
    "@noble/hashes" "~1.4.0"
    "@scure/base" "~1.1.6"

"@types/node@^20.11.20":
  version "20.12.5"
  resolved "https://registry.yarnpkg.com/@types/node/-/node-20.12.5.tgz#74c4f31ab17955d0b5808cdc8fd2839526ad00b3"
  integrity sha512-BD+BjQ9LS/D8ST9p5uqBxghlN+S42iuNxjsUGjeZobe/ciXzk2qb1B6IXc6AnRLS+yFJRpN2IPEHMzwspfDJNw==
  dependencies:
    undici-types "~5.26.4"

"@types/prop-types@*":
  version "15.7.12"
  resolved "https://registry.yarnpkg.com/@types/prop-types/-/prop-types-15.7.12.tgz#12bb1e2be27293c1406acb6af1c3f3a1481d98c6"
  integrity sha512-5zvhXYtRNRluoE/jAp4GVsSduVUzNWKkOZrCDBWYtE7biZywwdC2AcEzg+cSMLFRfVgeAFqpfNabiPjxFddV1Q==

"@types/react-dom@^18.2.19":
  version "18.2.24"
  resolved "https://registry.yarnpkg.com/@types/react-dom/-/react-dom-18.2.24.tgz#8dda8f449ae436a7a6e91efed8035d4ab03ff759"
  integrity sha512-cN6upcKd8zkGy4HU9F1+/s98Hrp6D4MOcippK4PoE8OZRngohHZpbJn1GsaDLz87MqvHNoT13nHvNqM9ocRHZg==
  dependencies:
    "@types/react" "*"

"@types/react@*", "@types/react@^18.2.58":
  version "18.2.75"
  resolved "https://registry.yarnpkg.com/@types/react/-/react-18.2.75.tgz#45d18f384939306d35312def1bf532eb38a68562"
  integrity sha512-+DNnF7yc5y0bHkBTiLKqXFe+L4B3nvOphiMY3tuA5X10esmjqk7smyBZzbGTy2vsiy/Bnzj8yFIBL8xhRacoOg==
  dependencies:
    "@types/prop-types" "*"
    csstype "^3.0.2"

client-only@^0.0.1:
  version "0.0.1"
  resolved "https://registry.yarnpkg.com/client-only/-/client-only-0.0.1.tgz#38bba5d403c41ab150bff64a95c85013cf73bca1"
  integrity sha512-IV3Ou0jSMzZrd3pZ48nLkT9DA7Ag1pnPzaiQhpW7c3RbcqqzvzzVu+L8gfqMp/8IM2MQtSiqaCxrrcfu8I8rMA==

csstype@^3.0.2:
  version "3.1.3"
  resolved "https://registry.yarnpkg.com/csstype/-/csstype-3.1.3.tgz#d80ff294d114fb0e6ac500fbf85b60137d7eff81"
  integrity sha512-M1uQkMl8rQK/szD0LNhtqxIPLpimGm8sOBwU7lLnCpSbTyY3yeU1Vc7l4KT5zT4s/yOxHH5O7tIuuLOCnLADRw==

isomorphic-ws@^5.0.0:
  version "5.0.0"
  resolved "https://registry.yarnpkg.com/isomorphic-ws/-/isomorphic-ws-5.0.0.tgz#e5529148912ecb9b451b46ed44d53dae1ce04bbf"
  integrity sha512-muId7Zzn9ywDsyXgTIafTry2sV3nySZeUDe6YedVd1Hvuuep5AsIlqK+XefWpYTyJG5e503F2xIuT2lcU6rCSw==

"js-tokens@^3.0.0 || ^4.0.0":
  version "4.0.0"
  resolved "https://registry.yarnpkg.com/js-tokens/-/js-tokens-4.0.0.tgz#19203fb59991df98e3a287050d4647cdeaf32499"
  integrity sha512-RdJUflcE3cUzKiMqQgsCu06FPu9UdIJO0beYbPhHN4k6apgJtifcoCtT9bcxOpYBtpD2kCM6Sbzg4CausW/PKQ==

loose-envify@^1.1.0:
  version "1.4.0"
  resolved "https://registry.yarnpkg.com/loose-envify/-/loose-envify-1.4.0.tgz#71ee51fa7be4caec1a63839f7e682d8132d30caf"
  integrity sha512-lyuxPGr/Wfhrlem2CL/UcnUc1zcqKAImBDzukY7Y5F/yQiNdko6+fRLevlw1HgMySw7f611UIY408EtxRSoK3Q==
  dependencies:
    js-tokens "^3.0.0 || ^4.0.0"

react@^18.2.0:
  version "18.2.0"
  resolved "https://registry.yarnpkg.com/react/-/react-18.2.0.tgz#555bd98592883255fa00de14f1151a917b5d77d5"
  integrity sha512-/3IjMdb2L9QbBdWiW5e3P2/npwMBaU9mHCSCUzNln0ZCYbcfTsGbTJrU/kGemdH2IWmB2ioZ+zkxtmq6g09fGQ==
  dependencies:
    loose-envify "^1.1.0"

swr@^2.2.5:
  version "2.2.5"
  resolved "https://registry.yarnpkg.com/swr/-/swr-2.2.5.tgz#063eea0e9939f947227d5ca760cc53696f46446b"
  integrity sha512-QtxqyclFeAsxEUeZIYmsaQ0UjimSq1RZ9Un7I68/0ClKK/U3LoyQunwkQfJZr2fc22DfIXLNDc2wFyTEikCUpg==
  dependencies:
    client-only "^0.0.1"
    use-sync-external-store "^1.2.0"

typescript@^5.2.2:
  version "5.4.4"
  resolved "https://registry.yarnpkg.com/typescript/-/typescript-5.4.4.tgz#eb2471e7b0a5f1377523700a21669dce30c2d952"
  integrity sha512-dGE2Vv8cpVvw28v8HCPqyb08EzbBURxDpuhJvTrusShUfGnhHBafDsLdS1EhhxyL6BJQE+2cT3dDPAv+MQ6oLw==

undici-types@~5.26.4:
  version "5.26.5"
  resolved "https://registry.yarnpkg.com/undici-types/-/undici-types-5.26.5.tgz#bcd539893d00b56e964fd2657a4866b221a65617"
  integrity sha512-JlCMO+ehdEIKqlFxk6IfVoAUVmgz7cU7zD/h9XZ0qzeosSHmUJVOzSQvvYSYWXkFXC+IfLKSIffhv0sVZup6pA==

use-sync-external-store@^1.2.0:
  version "1.2.0"
  resolved "https://registry.yarnpkg.com/use-sync-external-store/-/use-sync-external-store-1.2.0.tgz#7dbefd6ef3fe4e767a0cf5d7287aacfb5846928a"
  integrity sha512-eEgnFxGQ1Ife9bzYs6VLi8/4X6CObHMw9Qr9tPY43iKwsPw8xE8+EFsf/2cFZ5S3esXgpWgtSCtLNS41F+sKPA==

ws@^8.16.0:
  version "8.16.0"
  resolved "https://registry.yarnpkg.com/ws/-/ws-8.16.0.tgz#d1cd774f36fbc07165066a60e40323eab6446fd4"
  integrity sha512-HS0c//TP7Ina87TfiPUz1rQzMhHrl/SG2guqRcTOIUYD2q8uhUdNHZYJUaQ8aTGPzCh+c6oawMKW35nFl1dxyQ==

zod@^3.22.4:
  version "3.22.4"
  resolved "https://registry.yarnpkg.com/zod/-/zod-3.22.4.tgz#f31c3a9386f61b1f228af56faa9255e845cf3fff"
  integrity sha512-iC+8Io04lddc+mVqQ9AZ7OQ2MrUKGN+oIQyq1vemgt46jwCwLfhq7/pwnBnNXXXZb8VTVLKwp9EDkx+ryxIWmg==
